
Microsoft Visual Studio Solution File, Format Version 12.00
# Visual Studio Version 16
VisualStudioVersion = 16.0.30523.141
MinimumVisualStudioVersion = 10.0.40219.1
Project("{FAE04EC0-301F-11D3-BF4B-00C04F79EFBC}") = "Shop", "Shop\Shop.csproj", "{62C1E143-D5D9-4938-B41C-9878098886FB}"
EndProject
Project("{FAE04EC0-301F-11D3-BF4B-00C04F79EFBC}") = "Warehouse", "Warehouse\Warehouse.csproj", "{9F06FB41-68B8-406B-8EDC-41D5F5FCEDC6}"
EndProject
Project("{FAE04EC0-301F-11D3-BF4B-00C04F79EFBC}") = "ClientA", "ClientA\ClientA.csproj", "{E6395D8F-49D1-4DC2-BC4C-336E3FDBA253}"
EndProject
Project("{FAE04EC0-301F-11D3-BF4B-00C04F79EFBC}") = "ClientB", "ClientB\ClientB.csproj", "{61218BF1-FA1B-4783-816A-4056381A3CEB}"
EndProject
Project("{FAE04EC0-301F-11D3-BF4B-00C04F79EFBC}") = "Messages", "Messages\Messages.csproj", "{B63B2222-0F77-4498-9CFB-D87150C88D7A}"
EndProject
Global
	GlobalSection(SolutionConfigurationPlatforms) = preSolution
		Debug|Any CPU = Debug|Any CPU
		Release|Any CPU = Release|Any CPU
	EndGlobalSection
	GlobalSection(ProjectConfigurationPlatforms) = postSolution
		{62C1E143-D5D9-4938-B41C-9878098886FB}.Debug|Any CPU.ActiveCfg = Debug|Any CPU
		{62C1E143-D5D9-4938-B41C-9878098886FB}.Debug|Any CPU.Build.0 = Debug|Any CPU
		{62C1E143-D5D9-4938-B41C-9878098886FB}.Release|Any CPU.ActiveCfg = Release|Any CPU
		{62C1E143-D5D9-4938-B41C-9878098886FB}.Release|Any CPU.Build.0 = Release|Any CPU
		{9F06FB41-68B8-406B-8EDC-41D5F5FCEDC6}.Debug|Any CPU.ActiveCfg = Debug|Any CPU
		{9F06FB41-68B8-406B-8EDC-41D5F5FCEDC6}.Debug|Any CPU.Build.0 = Debug|Any CPU
		{9F06FB41-68B8-406B-8EDC-41D5F5FCEDC6}.Release|Any CPU.ActiveCfg = Release|Any CPU
		{9F06FB41-68B8-406B-8EDC-41D5F5FCEDC6}.Release|Any CPU.Build.0 = Release|Any CPU
		{E6395D8F-49D1-4DC2-BC4C-336E3FDBA253}.Debug|Any CPU.ActiveCfg = Debug|Any CPU
		{E6395D8F-49D1-4DC2-BC4C-336E3FDBA253}.Debug|Any CPU.Build.0 = Debug|Any CPU
		{E6395D8F-49D1-4DC2-BC4C-336E3FDBA253}.Release|Any CPU.ActiveCfg = Release|Any CPU
		{E6395D8F-49D1-4DC2-BC4C-336E3FDBA253}.Release|Any CPU.Build.0 = Release|Any CPU
		{61218BF1-FA1B-4783-816A-4056381A3CEB}.Debug|Any CPU.ActiveCfg = Debug|Any CPU
		{61218BF1-FA1B-4783-816A-4056381A3CEB}.Debug|Any CPU.Build.0 = Debug|Any CPU
		{61218BF1-FA1B-4783-816A-4056381A3CEB}.Release|Any CPU.ActiveCfg = Release|Any CPU
		{61218BF1-FA1B-4783-816A-4056381A3CEB}.Release|Any CPU.Build.0 = Release|Any CPU
		{B63B2222-0F77-4498-9CFB-D87150C88D7A}.Debug|Any CPU.ActiveCfg = Debug|Any CPU
		{B63B2222-0F77-4498-9CFB-D87150C88D7A}.Debug|Any CPU.Build.0 = Debug|Any CPU
		{B63B2222-0F77-4498-9CFB-D87150C88D7A}.Release|Any CPU.ActiveCfg = Release|Any CPU
		{B63B2222-0F77-4498-9CFB-D87150C88D7A}.Release|Any CPU.Build.0 = Release|Any CPU
	EndGlobalSection
	GlobalSection(SolutionProperties) = preSolution
		HideSolutionNode = FALSE
	EndGlobalSection
	GlobalSection(ExtensibilityGlobals) = postSolution
		SolutionGuid = {F5908111-B662-4009-B5EE-B06D3D34D3B2}
	EndGlobalSection
EndGlobal
