
Microsoft Visual Studio Solution File, Format Version 12.00
# Visual Studio Version 16
VisualStudioVersion = 16.0.30523.141
MinimumVisualStudioVersion = 10.0.40219.1
Project("{FAE04EC0-301F-11D3-BF4B-00C04F79EFBC}") = "Client", "Client\Client.csproj", "{79483E6B-2159-47AF-A1F4-27184EA49C2B}"
EndProject
Global
	GlobalSection(SolutionConfigurationPlatforms) = preSolution
		Debug|Any CPU = Debug|Any CPU
		Release|Any CPU = Release|Any CPU
	EndGlobalSection
	GlobalSection(ProjectConfigurationPlatforms) = postSolution
		{79483E6B-2159-47AF-A1F4-27184EA49C2B}.Debug|Any CPU.ActiveCfg = Debug|Any CPU
		{79483E6B-2159-47AF-A1F4-27184EA49C2B}.Debug|Any CPU.Build.0 = Debug|Any CPU
		{79483E6B-2159-47AF-A1F4-27184EA49C2B}.Release|Any CPU.ActiveCfg = Release|Any CPU
		{79483E6B-2159-47AF-A1F4-27184EA49C2B}.Release|Any CPU.Build.0 = Release|Any CPU
	EndGlobalSection
	GlobalSection(SolutionProperties) = preSolution
		HideSolutionNode = FALSE
	EndGlobalSection
	GlobalSection(ExtensibilityGlobals) = postSolution
		SolutionGuid = {F272015F-A78B-4025-BFC1-BAAE54D7E5EA}
	EndGlobalSection
EndGlobal
