
Microsoft Visual Studio Solution File, Format Version 12.00
# Visual Studio Version 16
VisualStudioVersion = 16.0.30523.141
MinimumVisualStudioVersion = 10.0.40219.1
Project("{FAE04EC0-301F-11D3-BF4B-00C04F79EFBC}") = "Lab5_7", "Lab5_7\Lab5_7.csproj", "{DCC646CD-F44D-44D1-A65A-66090FDADC16}"
EndProject
Global
	GlobalSection(SolutionConfigurationPlatforms) = preSolution
		Debug|Any CPU = Debug|Any CPU
		Release|Any CPU = Release|Any CPU
	EndGlobalSection
	GlobalSection(ProjectConfigurationPlatforms) = postSolution
		{DCC646CD-F44D-44D1-A65A-66090FDADC16}.Debug|Any CPU.ActiveCfg = Debug|Any CPU
		{DCC646CD-F44D-44D1-A65A-66090FDADC16}.Debug|Any CPU.Build.0 = Debug|Any CPU
		{DCC646CD-F44D-44D1-A65A-66090FDADC16}.Release|Any CPU.ActiveCfg = Release|Any CPU
		{DCC646CD-F44D-44D1-A65A-66090FDADC16}.Release|Any CPU.Build.0 = Release|Any CPU
	EndGlobalSection
	GlobalSection(SolutionProperties) = preSolution
		HideSolutionNode = FALSE
	EndGlobalSection
	GlobalSection(ExtensibilityGlobals) = postSolution
		SolutionGuid = {C65AC905-0552-45D2-AEBC-403BEB69A866}
	EndGlobalSection
EndGlobal
