
Microsoft Visual Studio Solution File, Format Version 12.00
# Visual Studio Version 16
VisualStudioVersion = 16.0.30523.141
MinimumVisualStudioVersion = 10.0.40219.1
Project("{CC5FD16D-436D-48AD-A40C-5A424C6E3E79}") = "Lab11", "Lab11\Lab11.ccproj", "{D624BAD1-AAD1-4712-9355-29CCC7C77423}"
EndProject
Project("{FAE04EC0-301F-11D3-BF4B-00C04F79EFBC}") = "WCFServiceWebRole1", "WCFServiceWebRole1\WCFServiceWebRole1.csproj", "{A913BB24-F1B4-4B18-B01C-FACBAD9A304B}"
EndProject
Project("{FAE04EC0-301F-11D3-BF4B-00C04F79EFBC}") = "WorkerRole1", "WorkerRole1\WorkerRole1.csproj", "{D113813B-395B-4AD5-B27A-3A3791B51B06}"
EndProject
Global
	GlobalSection(SolutionConfigurationPlatforms) = preSolution
		Debug|Any CPU = Debug|Any CPU
		Release|Any CPU = Release|Any CPU
	EndGlobalSection
	GlobalSection(ProjectConfigurationPlatforms) = postSolution
		{D624BAD1-AAD1-4712-9355-29CCC7C77423}.Debug|Any CPU.ActiveCfg = Debug|Any CPU
		{D624BAD1-AAD1-4712-9355-29CCC7C77423}.Debug|Any CPU.Build.0 = Debug|Any CPU
		{D624BAD1-AAD1-4712-9355-29CCC7C77423}.Release|Any CPU.ActiveCfg = Release|Any CPU
		{D624BAD1-AAD1-4712-9355-29CCC7C77423}.Release|Any CPU.Build.0 = Release|Any CPU
		{A913BB24-F1B4-4B18-B01C-FACBAD9A304B}.Debug|Any CPU.ActiveCfg = Debug|Any CPU
		{A913BB24-F1B4-4B18-B01C-FACBAD9A304B}.Debug|Any CPU.Build.0 = Debug|Any CPU
		{A913BB24-F1B4-4B18-B01C-FACBAD9A304B}.Release|Any CPU.ActiveCfg = Release|Any CPU
		{A913BB24-F1B4-4B18-B01C-FACBAD9A304B}.Release|Any CPU.Build.0 = Release|Any CPU
		{D113813B-395B-4AD5-B27A-3A3791B51B06}.Debug|Any CPU.ActiveCfg = Debug|Any CPU
		{D113813B-395B-4AD5-B27A-3A3791B51B06}.Debug|Any CPU.Build.0 = Debug|Any CPU
		{D113813B-395B-4AD5-B27A-3A3791B51B06}.Release|Any CPU.ActiveCfg = Release|Any CPU
		{D113813B-395B-4AD5-B27A-3A3791B51B06}.Release|Any CPU.Build.0 = Release|Any CPU
	EndGlobalSection
	GlobalSection(SolutionProperties) = preSolution
		HideSolutionNode = FALSE
	EndGlobalSection
	GlobalSection(ExtensibilityGlobals) = postSolution
		SolutionGuid = {28F36241-83B4-4930-87EC-91B131A4CAE7}
	EndGlobalSection
EndGlobal
