
Microsoft Visual Studio Solution File, Format Version 12.00
# Visual Studio Version 16
VisualStudioVersion = 16.0.30523.141
MinimumVisualStudioVersion = 10.0.40219.1
Project("{FAE04EC0-301F-11D3-BF4B-00C04F79EFBC}") = "Service1", "Service1\Service1.csproj", "{76335740-4DBA-4CD1-8A31-DADB13D11194}"
EndProject
Global
	GlobalSection(SolutionConfigurationPlatforms) = preSolution
		Debug|Any CPU = Debug|Any CPU
		Release|Any CPU = Release|Any CPU
	EndGlobalSection
	GlobalSection(ProjectConfigurationPlatforms) = postSolution
		{76335740-4DBA-4CD1-8A31-DADB13D11194}.Debug|Any CPU.ActiveCfg = Debug|Any CPU
		{76335740-4DBA-4CD1-8A31-DADB13D11194}.Debug|Any CPU.Build.0 = Debug|Any CPU
		{76335740-4DBA-4CD1-8A31-DADB13D11194}.Release|Any CPU.ActiveCfg = Release|Any CPU
		{76335740-4DBA-4CD1-8A31-DADB13D11194}.Release|Any CPU.Build.0 = Release|Any CPU
	EndGlobalSection
	GlobalSection(SolutionProperties) = preSolution
		HideSolutionNode = FALSE
	EndGlobalSection
	GlobalSection(ExtensibilityGlobals) = postSolution
		SolutionGuid = {E03A48F8-1076-4F21-8B1A-A632FAA0388E}
	EndGlobalSection
EndGlobal
