
Microsoft Visual Studio Solution File, Format Version 12.00
# Visual Studio Version 16
VisualStudioVersion = 16.0.30523.141
MinimumVisualStudioVersion = 10.0.40219.1
Project("{FAE04EC0-301F-11D3-BF4B-00C04F79EFBC}") = "Lab6_6_1", "Lab6_6_1\Lab6_6_1.csproj", "{87083D0F-9049-4ACD-BC37-63383F288B67}"
EndProject
Global
	GlobalSection(SolutionConfigurationPlatforms) = preSolution
		Debug|Any CPU = Debug|Any CPU
		Release|Any CPU = Release|Any CPU
	EndGlobalSection
	GlobalSection(ProjectConfigurationPlatforms) = postSolution
		{87083D0F-9049-4ACD-BC37-63383F288B67}.Debug|Any CPU.ActiveCfg = Debug|Any CPU
		{87083D0F-9049-4ACD-BC37-63383F288B67}.Debug|Any CPU.Build.0 = Debug|Any CPU
		{87083D0F-9049-4ACD-BC37-63383F288B67}.Release|Any CPU.ActiveCfg = Release|Any CPU
		{87083D0F-9049-4ACD-BC37-63383F288B67}.Release|Any CPU.Build.0 = Release|Any CPU
	EndGlobalSection
	GlobalSection(SolutionProperties) = preSolution
		HideSolutionNode = FALSE
	EndGlobalSection
	GlobalSection(ExtensibilityGlobals) = postSolution
		SolutionGuid = {0E729E22-5D98-4D1D-904B-753FC29750AE}
	EndGlobalSection
EndGlobal
