
Microsoft Visual Studio Solution File, Format Version 12.00
# Visual Studio Version 16
VisualStudioVersion = 16.0.30523.141
MinimumVisualStudioVersion = 10.0.40219.1
Project("{FAE04EC0-301F-11D3-BF4B-00C04F79EFBC}") = "Lab5_4", "Lab5_4\Lab5_4.csproj", "{30A64598-C929-4C6A-A5D1-486B2F6D5240}"
EndProject
Global
	GlobalSection(SolutionConfigurationPlatforms) = preSolution
		Debug|Any CPU = Debug|Any CPU
		Release|Any CPU = Release|Any CPU
	EndGlobalSection
	GlobalSection(ProjectConfigurationPlatforms) = postSolution
		{30A64598-C929-4C6A-A5D1-486B2F6D5240}.Debug|Any CPU.ActiveCfg = Debug|Any CPU
		{30A64598-C929-4C6A-A5D1-486B2F6D5240}.Debug|Any CPU.Build.0 = Debug|Any CPU
		{30A64598-C929-4C6A-A5D1-486B2F6D5240}.Release|Any CPU.ActiveCfg = Release|Any CPU
		{30A64598-C929-4C6A-A5D1-486B2F6D5240}.Release|Any CPU.Build.0 = Release|Any CPU
	EndGlobalSection
	GlobalSection(SolutionProperties) = preSolution
		HideSolutionNode = FALSE
	EndGlobalSection
	GlobalSection(ExtensibilityGlobals) = postSolution
		SolutionGuid = {78A3BEA0-7A8B-4BCA-8C2D-620860EA51A6}
	EndGlobalSection
EndGlobal
