
Microsoft Visual Studio Solution File, Format Version 12.00
# Visual Studio Version 16
VisualStudioVersion = 16.0.30523.141
MinimumVisualStudioVersion = 10.0.40219.1
Project("{FAE04EC0-301F-11D3-BF4B-00C04F79EFBC}") = "Lab5_1", "Lab5_1\Lab5_1.csproj", "{302AC431-3F03-4326-826A-3B83291E24F6}"
EndProject
Global
	GlobalSection(SolutionConfigurationPlatforms) = preSolution
		Debug|Any CPU = Debug|Any CPU
		Release|Any CPU = Release|Any CPU
	EndGlobalSection
	GlobalSection(ProjectConfigurationPlatforms) = postSolution
		{302AC431-3F03-4326-826A-3B83291E24F6}.Debug|Any CPU.ActiveCfg = Debug|Any CPU
		{302AC431-3F03-4326-826A-3B83291E24F6}.Debug|Any CPU.Build.0 = Debug|Any CPU
		{302AC431-3F03-4326-826A-3B83291E24F6}.Release|Any CPU.ActiveCfg = Release|Any CPU
		{302AC431-3F03-4326-826A-3B83291E24F6}.Release|Any CPU.Build.0 = Release|Any CPU
	EndGlobalSection
	GlobalSection(SolutionProperties) = preSolution
		HideSolutionNode = FALSE
	EndGlobalSection
	GlobalSection(ExtensibilityGlobals) = postSolution
		SolutionGuid = {B58DF793-BB4A-46CE-B084-3FBCFB52A7BC}
	EndGlobalSection
EndGlobal
