
Microsoft Visual Studio Solution File, Format Version 12.00
# Visual Studio Version 16
VisualStudioVersion = 16.0.32228.343
MinimumVisualStudioVersion = 10.0.40219.1
Project("{FAE04EC0-301F-11D3-BF4B-00C04F79EFBC}") = "WindowsFormsApp", "WindowsFormsApp\WindowsFormsApp.csproj", "{FA16971A-F855-4921-B640-FBAD156C5995}"
EndProject
Global
	GlobalSection(SolutionConfigurationPlatforms) = preSolution
		Debug|Any CPU = Debug|Any CPU
		Release|Any CPU = Release|Any CPU
	EndGlobalSection
	GlobalSection(ProjectConfigurationPlatforms) = postSolution
		{FA16971A-F855-4921-B640-FBAD156C5995}.Debug|Any CPU.ActiveCfg = Debug|Any CPU
		{FA16971A-F855-4921-B640-FBAD156C5995}.Debug|Any CPU.Build.0 = Debug|Any CPU
		{FA16971A-F855-4921-B640-FBAD156C5995}.Release|Any CPU.ActiveCfg = Release|Any CPU
		{FA16971A-F855-4921-B640-FBAD156C5995}.Release|Any CPU.Build.0 = Release|Any CPU
	EndGlobalSection
	GlobalSection(SolutionProperties) = preSolution
		HideSolutionNode = FALSE
	EndGlobalSection
	GlobalSection(ExtensibilityGlobals) = postSolution
		SolutionGuid = {0660D556-CA4C-4055-8036-9F825AA72305}
	EndGlobalSection
EndGlobal
