
Microsoft Visual Studio Solution File, Format Version 12.00
# Visual Studio 15
VisualStudioVersion = 15.0.27703.2035
MinimumVisualStudioVersion = 10.0.40219.1
Project("{9A19103F-16F7-4668-BE54-9A1E7A4F7556}") = "Library.Web", "Library.Web\Library.Web.csproj", "{D313D66B-6653-4BAD-954E-039D6A4FFE44}"
EndProject
Project("{9A19103F-16F7-4668-BE54-9A1E7A4F7556}") = "Library.WebApi", "Library.WebApi\Library.WebApi.csproj", "{AEE8C950-4882-45EB-AE30-08CBB7FB59EF}"
EndProject
Project("{9A19103F-16F7-4668-BE54-9A1E7A4F7556}") = "Library.NotificationService2", "Library.NotificationService2\Library.NotificationService2.csproj", "{2C5F5441-6517-41E5-A086-2C7D7F23C64D}"
EndProject
Global
	GlobalSection(SolutionConfigurationPlatforms) = preSolution
		Debug|Any CPU = Debug|Any CPU
		Release|Any CPU = Release|Any CPU
	EndGlobalSection
	GlobalSection(ProjectConfigurationPlatforms) = postSolution
		{D313D66B-6653-4BAD-954E-039D6A4FFE44}.Debug|Any CPU.ActiveCfg = Debug|Any CPU
		{D313D66B-6653-4BAD-954E-039D6A4FFE44}.Debug|Any CPU.Build.0 = Debug|Any CPU
		{D313D66B-6653-4BAD-954E-039D6A4FFE44}.Release|Any CPU.ActiveCfg = Release|Any CPU
		{D313D66B-6653-4BAD-954E-039D6A4FFE44}.Release|Any CPU.Build.0 = Release|Any CPU
		{AEE8C950-4882-45EB-AE30-08CBB7FB59EF}.Debug|Any CPU.ActiveCfg = Debug|Any CPU
		{AEE8C950-4882-45EB-AE30-08CBB7FB59EF}.Debug|Any CPU.Build.0 = Debug|Any CPU
		{AEE8C950-4882-45EB-AE30-08CBB7FB59EF}.Release|Any CPU.ActiveCfg = Release|Any CPU
		{AEE8C950-4882-45EB-AE30-08CBB7FB59EF}.Release|Any CPU.Build.0 = Release|Any CPU
		{2C5F5441-6517-41E5-A086-2C7D7F23C64D}.Debug|Any CPU.ActiveCfg = Debug|Any CPU
		{2C5F5441-6517-41E5-A086-2C7D7F23C64D}.Debug|Any CPU.Build.0 = Debug|Any CPU
		{2C5F5441-6517-41E5-A086-2C7D7F23C64D}.Release|Any CPU.ActiveCfg = Release|Any CPU
		{2C5F5441-6517-41E5-A086-2C7D7F23C64D}.Release|Any CPU.Build.0 = Release|Any CPU
	EndGlobalSection
	GlobalSection(SolutionProperties) = preSolution
		HideSolutionNode = FALSE
	EndGlobalSection
	GlobalSection(ExtensibilityGlobals) = postSolution
		SolutionGuid = {9D6EF656-9F62-456C-9F31-6690247C1173}
	EndGlobalSection
EndGlobal
