
Microsoft Visual Studio Solution File, Format Version 12.00
# Visual Studio Version 16
VisualStudioVersion = 16.0.30523.141
MinimumVisualStudioVersion = 10.0.40219.1
Project("{FAE04EC0-301F-11D3-BF4B-00C04F79EFBC}") = "Router", "Router\Router.csproj", "{40955F48-CC98-4525-BFC8-8F9B03679A30}"
EndProject
Global
	GlobalSection(SolutionConfigurationPlatforms) = preSolution
		Debug|Any CPU = Debug|Any CPU
		Release|Any CPU = Release|Any CPU
	EndGlobalSection
	GlobalSection(ProjectConfigurationPlatforms) = postSolution
		{40955F48-CC98-4525-BFC8-8F9B03679A30}.Debug|Any CPU.ActiveCfg = Debug|Any CPU
		{40955F48-CC98-4525-BFC8-8F9B03679A30}.Debug|Any CPU.Build.0 = Debug|Any CPU
		{40955F48-CC98-4525-BFC8-8F9B03679A30}.Release|Any CPU.ActiveCfg = Release|Any CPU
		{40955F48-CC98-4525-BFC8-8F9B03679A30}.Release|Any CPU.Build.0 = Release|Any CPU
	EndGlobalSection
	GlobalSection(SolutionProperties) = preSolution
		HideSolutionNode = FALSE
	EndGlobalSection
	GlobalSection(ExtensibilityGlobals) = postSolution
		SolutionGuid = {D007C2F9-8D61-4BC6-AAFE-86D4DDFDAE3F}
	EndGlobalSection
EndGlobal
