
Microsoft Visual Studio Solution File, Format Version 12.00
# Visual Studio Version 16
VisualStudioVersion = 16.0.30523.141
MinimumVisualStudioVersion = 10.0.40219.1
Project("{FAE04EC0-301F-11D3-BF4B-00C04F79EFBC}") = "Lab5_5", "Lab5_5\Lab5_5.csproj", "{1F403E9C-39E9-4704-9A7A-A981031F3EAB}"
EndProject
Global
	GlobalSection(SolutionConfigurationPlatforms) = preSolution
		Debug|Any CPU = Debug|Any CPU
		Release|Any CPU = Release|Any CPU
	EndGlobalSection
	GlobalSection(ProjectConfigurationPlatforms) = postSolution
		{1F403E9C-39E9-4704-9A7A-A981031F3EAB}.Debug|Any CPU.ActiveCfg = Debug|Any CPU
		{1F403E9C-39E9-4704-9A7A-A981031F3EAB}.Debug|Any CPU.Build.0 = Debug|Any CPU
		{1F403E9C-39E9-4704-9A7A-A981031F3EAB}.Release|Any CPU.ActiveCfg = Release|Any CPU
		{1F403E9C-39E9-4704-9A7A-A981031F3EAB}.Release|Any CPU.Build.0 = Release|Any CPU
	EndGlobalSection
	GlobalSection(SolutionProperties) = preSolution
		HideSolutionNode = FALSE
	EndGlobalSection
	GlobalSection(ExtensibilityGlobals) = postSolution
		SolutionGuid = {108DBAAB-E56A-4A47-9097-F7BBE4EA5E6C}
	EndGlobalSection
EndGlobal
