
Microsoft Visual Studio Solution File, Format Version 12.00
# Visual Studio Version 16
VisualStudioVersion = 16.0.30523.141
MinimumVisualStudioVersion = 10.0.40219.1
Project("{FAE04EC0-301F-11D3-BF4B-00C04F79EFBC}") = "Lab3_5", "Lab3_5\Lab3_5.csproj", "{94DB04C8-1C71-4771-92CD-17A5416D97E6}"
EndProject
Global
	GlobalSection(SolutionConfigurationPlatforms) = preSolution
		Debug|Any CPU = Debug|Any CPU
		Release|Any CPU = Release|Any CPU
	EndGlobalSection
	GlobalSection(ProjectConfigurationPlatforms) = postSolution
		{94DB04C8-1C71-4771-92CD-17A5416D97E6}.Debug|Any CPU.ActiveCfg = Debug|Any CPU
		{94DB04C8-1C71-4771-92CD-17A5416D97E6}.Debug|Any CPU.Build.0 = Debug|Any CPU
		{94DB04C8-1C71-4771-92CD-17A5416D97E6}.Release|Any CPU.ActiveCfg = Release|Any CPU
		{94DB04C8-1C71-4771-92CD-17A5416D97E6}.Release|Any CPU.Build.0 = Release|Any CPU
	EndGlobalSection
	GlobalSection(SolutionProperties) = preSolution
		HideSolutionNode = FALSE
	EndGlobalSection
	GlobalSection(ExtensibilityGlobals) = postSolution
		SolutionGuid = {4491D207-AE98-4F50-A520-E90DB43EC1DB}
	EndGlobalSection
EndGlobal
